// !$*UTF8*$!
{
	archiveVersion = 1;
	classes = {
	};
	objectVersion = 48;
	objects = {

/* Begin PBXGroup section */
		072FCAD02061EEE5007F9030 = {
			isa = PBXGroup;
			children = (
			);
			sourceTree = "<group>";
		};
/* End PBXGroup section */

/* Begin PBXProject section */
		072FCAD12061EEE5007F9030 /* Project object */ = {
			isa = PBXProject;
			attributes = {
				LastUpgradeCheck = 0920;
			};
			buildConfigurationList = 072FCAD42061EEE5007F9030 /* Build configuration list for PBXProject "Nexum" */;
			compatibilityVersion = "Xcode 8.0";
			developmentRegion = en;
			hasScannedForEncodings = 0;
			knownRegions = (
				en,
			);
			mainGroup = 072FCAD02061EEE5007F9030;
			projectDirPath = "";
			projectRoot = "";
			targets = (
			);
		};
/* End PBXProject section */

/* Begin XCBuildConfiguration section */
		072FCAD52061EEE5007F9030 /* Debug */ = {
			isa = XCBuildConfiguration;
			buildSettings = {
			};
			name = Debug;
		};
		072FCAD62061EEE5007F9030 /* Release */ = {
			isa = XCBuildConfiguration;
			buildSettings = {
			};
			name = Release;
		};
/* End XCBuildConfiguration section */

/* Begin XCConfigurationList section */
		072FCAD42061EEE5007F9030 /* Build configuration list for PBXProject "Nexum" */ = {
			isa = XCConfigurationList;
			buildConfigurations = (
				072FCAD52061EEE5007F9030 /* Debug */,
				072FCAD62061EEE5007F9030 /* Release */,
			);
			defaultConfigurationIsVisible = 0;
			defaultConfigurationName = Release;
		};
/* End XCConfigurationList section */
	};
	rootObject = 072FCAD12061EEE5007F9030 /* Project object */;
}
